;;;;;;;;;;;;;;;;;;;;;;;;;;;;;;;;;;;;;;;;;;;;;;;;;;;;;;;;;;;;;;;;;;;;;;;;;;;;;;;;
;; This is autogenerated by CLPM. Do not edit by hand.
;;;;;;;;;;;;;;;;;;;;;;;;;;;;;;;;;;;;;;;;;;;;;;;;;;;;;;;;;;;;;;;;;;;;;;;;;;;;;;;;

(:api-version "0.3")

;;;;;;;;;;;;;;;;;;;;;;;;;;;;;;;;;;;;;;;;;;;;;;;;;;;;;;;;;;;;;;;;;;;;;;;;;;;;;;;;
;; BEGIN SOURCES
;;;;;;;;;;;;;;;;;;;;;;;;;;;;;;;;;;;;;;;;;;;;;;;;;;;;;;;;;;;;;;;;;;;;;;;;;;;;;;;;

:sources
(:implicit-file :type :file-system :system-files ("algae.asd"))
(:implicit-vcs :type :vcs :projects
 (("mfiano-utils" :github :path "mfiano/mfiano-utils")
  ("origin" :github :path "mfiano/origin")))
("quicklisp" :url "https://beta.quicklisp.org/dist/quicklisp.txt" :type
 :quicklisp)


;;;;;;;;;;;;;;;;;;;;;;;;;;;;;;;;;;;;;;;;;;;;;;;;;;;;;;;;;;;;;;;;;;;;;;;;;;;;;;;;
;; BEGIN REQUIREMENTS
;;;;;;;;;;;;;;;;;;;;;;;;;;;;;;;;;;;;;;;;;;;;;;;;;;;;;;;;;;;;;;;;;;;;;;;;;;;;;;;;

:requirements
(:project :name "origin" :branch "master" :source :implicit-vcs)
(:project :name "mfiano-utils" :branch "master" :source :implicit-vcs)
(:asd-file :name "algae.asd")


;;;;;;;;;;;;;;;;;;;;;;;;;;;;;;;;;;;;;;;;;;;;;;;;;;;;;;;;;;;;;;;;;;;;;;;;;;;;;;;;
;; BEGIN RELEASES
;;;;;;;;;;;;;;;;;;;;;;;;;;;;;;;;;;;;;;;;;;;;;;;;;;;;;;;;;;;;;;;;;;;;;;;;;;;;;;;;

:releases
("alexandria" :version "2021-08-07" :source "quicklisp" :systems ("alexandria"))
("algae.asd" :version :newest :source :implicit-file :systems ("algae"))
("documentation-utils" :version "2019-07-11" :source "quicklisp" :systems
 ("documentation-utils"))
("form-fiddle" :version "2019-07-11" :source "quicklisp" :systems
 ("form-fiddle"))
("introspect-environment" :version "2021-08-07" :source "quicklisp" :systems
 ("introspect-environment"))
("mfiano-utils" :version (:commit "cc3746c5f47b2ba8f5afa7b3e914b2e1d0ffaac7")
 :source :implicit-vcs :systems ("mfiano-utils"))
("origin" :version (:commit "e3fca7c1b723ce13d562c3873cc4f81ee370b5d1") :source
 :implicit-vcs :systems ("origin" "origin.test"))
("parachute" :version "2021-08-07" :source "quicklisp" :systems ("parachute"))
("specialization-store" :version "2020-06-10" :source "quicklisp" :systems
 ("specialization-store" "specialization-store-features"))
("trivial-indent" :version "2021-05-31" :source "quicklisp" :systems
 ("trivial-indent"))


;;;;;;;;;;;;;;;;;;;;;;;;;;;;;;;;;;;;;;;;;;;;;;;;;;;;;;;;;;;;;;;;;;;;;;;;;;;;;;;;
;; BEGIN REVERSE-DEPENDENCIES
;;;;;;;;;;;;;;;;;;;;;;;;;;;;;;;;;;;;;;;;;;;;;;;;;;;;;;;;;;;;;;;;;;;;;;;;;;;;;;;;

:reverse-dependencies
("alexandria"
 ((:system :name "specialization-store-features") (:system :name "alexandria"))
 ((:system :name "specialization-store") (:system :name "alexandria"))
 ((:system :name "mfiano-utils") (:system :name "alexandria")))

("algae.asd" (t (:asd-file :name "algae.asd")))

("documentation-utils"
 ((:system :name "parachute") (:system :name "documentation-utils"))
 ((:system :name "form-fiddle") (:system :name "documentation-utils")))

("form-fiddle" ((:system :name "parachute") (:system :name "form-fiddle")))

("introspect-environment"
 ((:system :name "specialization-store-features")
  (:system :name "introspect-environment"))
 ((:system :name "specialization-store")
  (:system :name "introspect-environment")))

("mfiano-utils" ((:system :name "origin") (:system :name "mfiano-utils"))
 ((:system :name "algae") (:system :name "mfiano-utils"))
 (t (:project :name "mfiano-utils" :branch "master" :source :implicit-vcs)))

("origin" ((:system :name "origin.test") (:system :name "origin"))
 ((:system :name "algae") (:system :name "origin"))
 (t (:project :name "origin" :branch "master" :source :implicit-vcs)))

("parachute" ((:system :name "origin.test") (:system :name "parachute")))

("specialization-store"
 ((:system :name "specialization-store")
  (:system :name "specialization-store-features"))
 ((:system :name "origin") (:system :name "specialization-store")))

("trivial-indent"
 ((:system :name "documentation-utils") (:system :name "trivial-indent")))

